
Microsoft Visual Studio Solution File, Format Version 12.00
# Visual Studio 2012
Project("{FAE04EC0-301F-11D3-BF4B-00C04F79EFBC}") = "RoachMotel", "RoachMotel\RoachMotel.csproj", "{8794022E-9DD1-4A15-B8B6-6E33761A8F63}"
EndProject
Project("{FAE04EC0-301F-11D3-BF4B-00C04F79EFBC}") = "RoachMotelTest", "RoachMotelTest\RoachMotelTest.csproj", "{7C3CDCDD-4738-46BB-B4BD-6822C41D785A}"
EndProject
Global
	GlobalSection(SolutionConfigurationPlatforms) = preSolution
		Debug|Any CPU = Debug|Any CPU
		Release|Any CPU = Release|Any CPU
	EndGlobalSection
	GlobalSection(ProjectConfigurationPlatforms) = postSolution
		{8794022E-9DD1-4A15-B8B6-6E33761A8F63}.Debug|Any CPU.ActiveCfg = Debug|Any CPU
		{8794022E-9DD1-4A15-B8B6-6E33761A8F63}.Debug|Any CPU.Build.0 = Debug|Any CPU
		{8794022E-9DD1-4A15-B8B6-6E33761A8F63}.Release|Any CPU.ActiveCfg = Release|Any CPU
		{8794022E-9DD1-4A15-B8B6-6E33761A8F63}.Release|Any CPU.Build.0 = Release|Any CPU
		{7C3CDCDD-4738-46BB-B4BD-6822C41D785A}.Debug|Any CPU.ActiveCfg = Debug|Any CPU
		{7C3CDCDD-4738-46BB-B4BD-6822C41D785A}.Debug|Any CPU.Build.0 = Debug|Any CPU
		{7C3CDCDD-4738-46BB-B4BD-6822C41D785A}.Release|Any CPU.ActiveCfg = Release|Any CPU
		{7C3CDCDD-4738-46BB-B4BD-6822C41D785A}.Release|Any CPU.Build.0 = Release|Any CPU
	EndGlobalSection
	GlobalSection(SolutionProperties) = preSolution
		HideSolutionNode = FALSE
	EndGlobalSection
EndGlobal
